# THIS IS AN AUTOGENERATED FILE. DO NOT EDIT THIS FILE DIRECTLY.
# yarn lockfile v1


"-@^0.0.1":
  "integrity" "sha512-3HfneK3DGAm05fpyj20sT3apkNcvPpCuccOThOPdzz8sY7GgQGe0l93XH9bt+YzibcTIgUAIMoyVJI740RtgyQ=="
  "resolved" "https://registry.npmjs.org/-/-/--0.0.1.tgz"
  "version" "0.0.1"

"@playwright/test@^1.25.2":
  "integrity" "sha512-6qPznIR4Fw02OMbqXUPMG6bFFg1hDVNEdihKy0t9K0dmRbus1DyP5Q5XFQhGwEHQkLG5hrSfBuu9CW/foqhQHQ=="
  "resolved" "https://registry.npmjs.org/@playwright/test/-/test-1.25.2.tgz"
  "version" "1.25.2"
  dependencies:
    "@types/node" "*"
    "playwright-core" "1.25.2"

"@types/node@*":
  "integrity" "sha512-m+6nTEOadJZuTPkKR/SYK3A2d7FZrgElol9UP1Kae90VVU4a6mxnPuLiIW1m4Cq4gZ/nWb9GrdVXJCoCazDAbg=="
  "resolved" "https://registry.npmjs.org/@types/node/-/node-18.7.18.tgz"
  "version" "18.7.18"

"@types/node@^15.14.1":
  "integrity" "sha512-qjd88DrCxupx/kJD5yQgZdcYKZKSIGBVDIBE1/LTGcNm3d2Np/jxojkdePDdfnBHJc5W7vSMpbJ1aB7p/Py69A=="
  "resolved" "https://registry.npmjs.org/@types/node/-/node-15.14.9.tgz"
  "version" "15.14.9"

"allure-commandline@^2.18.1":
  "integrity" "sha512-bB0jY00yXxROgaTkC/PTFzmT0sVuHGiOhm80onO+N/tr5MF3eQrBkwTOdvuefEWJ1NTACutvmzZSYn8o6W2evA=="
  "resolved" "https://registry.npmjs.org/allure-commandline/-/allure-commandline-2.18.1.tgz"
  "version" "2.18.1"

"allure-js-commons@2.0.0-beta.19":
  "integrity" "sha512-sgt7TnU7s8QIzEOmLFO0T5ih4W2YbLrcsL1ElO7WN/dPzIww4G1BBJQDK98VCS+cG5qIljBYRuJ+rtzKWgtM8A=="
  "resolved" "https://registry.npmjs.org/allure-js-commons/-/allure-js-commons-2.0.0-beta.19.tgz"
  "version" "2.0.0-beta.19"
  dependencies:
    "mkdirp" "^1.0.4"
    "properties" "^1.2.1"
    "uuid" "^8.3.0"

"allure-playwright@^2.0.0-beta.19":
  "integrity" "sha512-TMSZToE0oPXz0qfH1cMaO5kcMrV8GkSlM1650Hk9dwpR/ldH2zx23/E7l1f77Elpqp/bGNyekjXNhYSx9ihCVg=="
  "resolved" "https://registry.npmjs.org/allure-playwright/-/allure-playwright-2.0.0-beta.19.tgz"
  "version" "2.0.0-beta.19"
  dependencies:
    "allure-js-commons" "2.0.0-beta.19"

"experimental-allure-js-commons@=0.0.1":
  "integrity" "sha512-/cduBI0j/Vj4+NyriSu4yHPetuXxOvg2xH10VAs2w9l0P917qKWhRO58gZrn6aXZBDalrmjAQXiqYNz2odNxOg=="
  "resolved" "https://registry.npmjs.org/experimental-allure-js-commons/-/experimental-allure-js-commons-0.0.1.tgz"
  "version" "0.0.1"
  dependencies:
    "mkdirp" "^1.0.4"
    "properties" "^1.2.1"
    "uuid" "^8.3.0"

"experimental-allure-playwright@^0.0.3":
  "integrity" "sha512-SLLy5ipeAGRR/z4ZB0IXI8DZnYovoBfFwYV8ChrBbQsaAQJw9ZBCuMIkUHELd/dms+xakxWi6vKOAHEz7DcOvw=="
  "resolved" "https://registry.npmjs.org/experimental-allure-playwright/-/experimental-allure-playwright-0.0.3.tgz"
  "version" "0.0.3"
  dependencies:
    "@types/node" "^15.14.1"
    "experimental-allure-js-commons" "=0.0.1"

"mkdirp@^1.0.4":
  "integrity" "sha512-vVqVZQyf3WLx2Shd0qJ9xuvqgAyKPLAiqITEtqW0oIUjzo3PePDd6fW9iFz30ef7Ysp/oiWqbhszeGWW2T6Gzw=="
  "resolved" "https://registry.npmjs.org/mkdirp/-/mkdirp-1.0.4.tgz"
  "version" "1.0.4"

"playwright-core@1.25.2":
  "integrity" "sha512-0yTbUE9lIddkEpLHL3u8PoCL+pWiZtj5A/j3U7YoNjcmKKDGBnCrgHJMzwd2J5vy6l28q4ki3JIuz7McLHhl1A=="
  "resolved" "https://registry.npmjs.org/playwright-core/-/playwright-core-1.25.2.tgz"
  "version" "1.25.2"

"properties@^1.2.1":
  "integrity" "sha512-qYNxyMj1JeW54i/EWEFsM1cVwxJbtgPp8+0Wg9XjNaK6VE/c4oRi6PNu5p7w1mNXEIQIjV5Wwn8v8Gz82/QzdQ=="
  "resolved" "https://registry.npmjs.org/properties/-/properties-1.2.1.tgz"
  "version" "1.2.1"

"uuid@^8.3.0":
  "integrity" "sha512-+NYs2QeMWy+GWFOEm9xnn6HCDp0l7QBD7ml8zLUmJ+93Q5NF0NocErnwkTkXVFNiX3/fpC6afS8Dhb/gz7R7eg=="
  "resolved" "https://registry.npmjs.org/uuid/-/uuid-8.3.2.tgz"
  "version" "8.3.2"
